
Microsoft Visual Studio Solution File, Format Version 12.00
# Visual Studio 15
VisualStudioVersion = 15.0.28307.168
MinimumVisualStudioVersion = 10.0.40219.1
Project("{9A19103F-16F7-4668-BE54-9A1E7A4F7556}") = "AuthenticationHandler", "AuthenticationHandler\AuthenticationHandler.csproj", "{9FB55E25-D9DC-47CF-8A19-BA911C40DB09}"
EndProject
Project("{9A19103F-16F7-4668-BE54-9A1E7A4F7556}") = "AuthenticationHandler.UnitTests", "AuthenticationHandler.UnitTests\AuthenticationHandler.UnitTests.csproj", "{DA54666A-D137-4E60-BA4C-E8F4B53D5111}"
EndProject
Global
	GlobalSection(SolutionConfigurationPlatforms) = preSolution
		Debug|Any CPU = Debug|Any CPU
		Release|Any CPU = Release|Any CPU
	EndGlobalSection
	GlobalSection(ProjectConfigurationPlatforms) = postSolution
		{9FB55E25-D9DC-47CF-8A19-BA911C40DB09}.Debug|Any CPU.ActiveCfg = Debug|Any CPU
		{9FB55E25-D9DC-47CF-8A19-BA911C40DB09}.Debug|Any CPU.Build.0 = Debug|Any CPU
		{9FB55E25-D9DC-47CF-8A19-BA911C40DB09}.Release|Any CPU.ActiveCfg = Release|Any CPU
		{9FB55E25-D9DC-47CF-8A19-BA911C40DB09}.Release|Any CPU.Build.0 = Release|Any CPU
		{DA54666A-D137-4E60-BA4C-E8F4B53D5111}.Debug|Any CPU.ActiveCfg = Debug|Any CPU
		{DA54666A-D137-4E60-BA4C-E8F4B53D5111}.Debug|Any CPU.Build.0 = Debug|Any CPU
		{DA54666A-D137-4E60-BA4C-E8F4B53D5111}.Release|Any CPU.ActiveCfg = Release|Any CPU
		{DA54666A-D137-4E60-BA4C-E8F4B53D5111}.Release|Any CPU.Build.0 = Release|Any CPU
	EndGlobalSection
	GlobalSection(SolutionProperties) = preSolution
		HideSolutionNode = FALSE
	EndGlobalSection
	GlobalSection(ExtensibilityGlobals) = postSolution
		SolutionGuid = {226C015F-52E6-43FF-80B1-5B8FA1B4D355}
	EndGlobalSection
EndGlobal
